// !$*UTF8*$!
{
	archiveVersion = 1;
	classes = {
	};
	objectVersion = 46;
	objects = {

/* Begin PBXBuildFile section */
		5A1F4E1C1C0A53A7004BCC08 /* User.storyboard in Resources */ = {isa = PBXBuildFile; fileRef = 5A1F4E1B1C0A53A7004BCC08 /* User.storyboard */; };
		5A3AB6AA1C0A70A50030BCF1 /* User.swift in Sources */ = {isa = PBXBuildFile; fileRef = 5A3AB6A91C0A70A50030BCF1 /* User.swift */; };
		5A3AB6AC1C1622B50030BCF1 /* SignInViewController.swift in Sources */ = {isa = PBXBuildFile; fileRef = 5A3AB6AB1C1622B50030BCF1 /* SignInViewController.swift */; };
		5A3AB6AE1C1627A50030BCF1 /* GoogleService-Info.plist in Resources */ = {isa = PBXBuildFile; fileRef = 5A3AB6AD1C1627A50030BCF1 /* GoogleService-Info.plist */; };
		5A3AB6AF1C16288C0030BCF1 /* GoogleService-Info.plist in Resources */ = {isa = PBXBuildFile; fileRef = 5A3AB6AD1C1627A50030BCF1 /* GoogleService-Info.plist */; };
		5A3AB6B01C16288D0030BCF1 /* GoogleService-Info.plist in Resources */ = {isa = PBXBuildFile; fileRef = 5A3AB6AD1C1627A50030BCF1 /* GoogleService-Info.plist */; };
		5A4DF33E1C1CD24B00FD7845 /* Transaction.swift in Sources */ = {isa = PBXBuildFile; fileRef = 5A4DF33D1C1CD24B00FD7845 /* Transaction.swift */; };
		5A4DF3411C1CEFE200FD7845 /* TransactionsViewController.swift in Sources */ = {isa = PBXBuildFile; fileRef = 5A4DF3401C1CEFE200FD7845 /* TransactionsViewController.swift */; };
		5A4DF3431C1CF11A00FD7845 /* TransactionCell.swift in Sources */ = {isa = PBXBuildFile; fileRef = 5A4DF3421C1CF11A00FD7845 /* TransactionCell.swift */; };
		5A4DF3461C1D4D2B00FD7845 /* Pay.storyboard in Resources */ = {isa = PBXBuildFile; fileRef = 5A4DF3451C1D4D2A00FD7845 /* Pay.storyboard */; };
		5A4DF34B1C1D4FA600FD7845 /* PayChoiceScreenViewController.swift in Sources */ = {isa = PBXBuildFile; fileRef = 5A4DF34A1C1D4FA600FD7845 /* PayChoiceScreenViewController.swift */; };
		5A4DF34D1C1D514300FD7845 /* PayUserViewController.swift in Sources */ = {isa = PBXBuildFile; fileRef = 5A4DF34C1C1D514300FD7845 /* PayUserViewController.swift */; };
		5AD58E831C1CC91A00AFBED2 /* CurrentUser.swift in Sources */ = {isa = PBXBuildFile; fileRef = 5AD58E821C1CC91A00AFBED2 /* CurrentUser.swift */; };
		C139F8281C1BF61000D4E015 /* Style.swift in Sources */ = {isa = PBXBuildFile; fileRef = C139F8271C1BF61000D4E015 /* Style.swift */; };
		C139F82A1C1C9E6300D4E015 /* AddGroupViewController.swift in Sources */ = {isa = PBXBuildFile; fileRef = C139F8291C1C9E6300D4E015 /* AddGroupViewController.swift */; };
		C15A20EC1C0A632400E818DA /* MyGroupsViewController.swift in Sources */ = {isa = PBXBuildFile; fileRef = C15A20EB1C0A632400E818DA /* MyGroupsViewController.swift */; };
		C15A20EE1C0A633900E818DA /* Group.swift in Sources */ = {isa = PBXBuildFile; fileRef = C15A20ED1C0A633900E818DA /* Group.swift */; };
		C15A20F11C0A635200E818DA /* GroupCell.swift in Sources */ = {isa = PBXBuildFile; fileRef = C15A20F01C0A635200E818DA /* GroupCell.swift */; };
		C165E3091C02CA1C00A3FF73 /* SecretKeys.swift in Sources */ = {isa = PBXBuildFile; fileRef = C165E3081C02CA1C00A3FF73 /* SecretKeys.swift */; };
		C16A136C1C1CB7A20059F78B /* AddIconViewController.swift in Sources */ = {isa = PBXBuildFile; fileRef = C16A136B1C1CB7A20059F78B /* AddIconViewController.swift */; };
		C16A136E1C1CBB1C0059F78B /* IconCollectionViewCell.swift in Sources */ = {isa = PBXBuildFile; fileRef = C16A136D1C1CBB1C0059F78B /* IconCollectionViewCell.swift */; };
		C16A13701C1CC3060059F78B /* GroupUserInfo.swift in Sources */ = {isa = PBXBuildFile; fileRef = C16A136F1C1CC3060059F78B /* GroupUserInfo.swift */; };
		C16A13721C1CC3E40059F78B /* GroupDetailViewController.swift in Sources */ = {isa = PBXBuildFile; fileRef = C16A13711C1CC3E40059F78B /* GroupDetailViewController.swift */; };
		C16A13741C1CC6BA0059F78B /* AddGroupUsersViewController.swift in Sources */ = {isa = PBXBuildFile; fileRef = C16A13731C1CC6BA0059F78B /* AddGroupUsersViewController.swift */; };
		C189E55C1C06CF95004F4406 /* libsqlite3.0.tbd in Frameworks */ = {isa = PBXBuildFile; fileRef = C189E55A1C06CF95004F4406 /* libsqlite3.0.tbd */; };
		C189E55D1C06CF95004F4406 /* libsqlite3.tbd in Frameworks */ = {isa = PBXBuildFile; fileRef = C189E55B1C06CF95004F4406 /* libsqlite3.tbd */; };
		C19485381C1CE80000556943 /* UserTableViewCell.swift in Sources */ = {isa = PBXBuildFile; fileRef = C19485371C1CE80000556943 /* UserTableViewCell.swift */; };
		C1F46FFB1BF3D860006797CC /* AppDelegate.swift in Sources */ = {isa = PBXBuildFile; fileRef = C1F46FFA1BF3D860006797CC /* AppDelegate.swift */; };
		C1F46FFD1BF3D860006797CC /* ViewController.swift in Sources */ = {isa = PBXBuildFile; fileRef = C1F46FFC1BF3D860006797CC /* ViewController.swift */; };
		C1F470001BF3D860006797CC /* Main.storyboard in Resources */ = {isa = PBXBuildFile; fileRef = C1F46FFE1BF3D860006797CC /* Main.storyboard */; };
		C1F470031BF3D860006797CC /* Payback.xcdatamodeld in Sources */ = {isa = PBXBuildFile; fileRef = C1F470011BF3D860006797CC /* Payback.xcdatamodeld */; };
		C1F470051BF3D860006797CC /* Assets.xcassets in Resources */ = {isa = PBXBuildFile; fileRef = C1F470041BF3D860006797CC /* Assets.xcassets */; };
		C1F470081BF3D860006797CC /* LaunchScreen.storyboard in Resources */ = {isa = PBXBuildFile; fileRef = C1F470061BF3D860006797CC /* LaunchScreen.storyboard */; };
		C1F470131BF3D860006797CC /* PaybackTests.swift in Sources */ = {isa = PBXBuildFile; fileRef = C1F470121BF3D860006797CC /* PaybackTests.swift */; };
		C1F4701E1BF3D860006797CC /* PaybackUITests.swift in Sources */ = {isa = PBXBuildFile; fileRef = C1F4701D1BF3D860006797CC /* PaybackUITests.swift */; };
		C1F4702E1BF444E5006797CC /* Groups.storyboard in Resources */ = {isa = PBXBuildFile; fileRef = C1F4702D1BF444E5006797CC /* Groups.storyboard */; };
		CF0734729FFA3E8AB272636A /* libPods.a in Frameworks */ = {isa = PBXBuildFile; fileRef = BD31ED1BA2B7E212776ABE4E /* libPods.a */; };
/* End PBXBuildFile section */

/* Begin PBXContainerItemProxy section */
		C1F4700F1BF3D860006797CC /* PBXContainerItemProxy */ = {
			isa = PBXContainerItemProxy;
			containerPortal = C1F46FEF1BF3D860006797CC /* Project object */;
			proxyType = 1;
			remoteGlobalIDString = C1F46FF61BF3D860006797CC;
			remoteInfo = Payback;
		};
		C1F4701A1BF3D860006797CC /* PBXContainerItemProxy */ = {
			isa = PBXContainerItemProxy;
			containerPortal = C1F46FEF1BF3D860006797CC /* Project object */;
			proxyType = 1;
			remoteGlobalIDString = C1F46FF61BF3D860006797CC;
			remoteInfo = Payback;
		};
/* End PBXContainerItemProxy section */

/* Begin PBXFileReference section */
		3A34B2414741E20087511AEA /* Pods.release.xcconfig */ = {isa = PBXFileReference; includeInIndex = 1; lastKnownFileType = text.xcconfig; name = Pods.release.xcconfig; path = "Pods/Target Support Files/Pods/Pods.release.xcconfig"; sourceTree = "<group>"; };
		5A1F4E1B1C0A53A7004BCC08 /* User.storyboard */ = {isa = PBXFileReference; fileEncoding = 4; lastKnownFileType = file.storyboard; path = User.storyboard; sourceTree = "<group>"; };
		5A3AB6A91C0A70A50030BCF1 /* User.swift */ = {isa = PBXFileReference; fileEncoding = 4; lastKnownFileType = sourcecode.swift; path = User.swift; sourceTree = "<group>"; };
		5A3AB6AB1C1622B50030BCF1 /* SignInViewController.swift */ = {isa = PBXFileReference; fileEncoding = 4; lastKnownFileType = sourcecode.swift; path = SignInViewController.swift; sourceTree = "<group>"; };
		5A3AB6AD1C1627A50030BCF1 /* GoogleService-Info.plist */ = {isa = PBXFileReference; fileEncoding = 4; lastKnownFileType = text.plist.xml; name = "GoogleService-Info.plist"; path = "../GoogleService-Info.plist"; sourceTree = "<group>"; };
		5A4DF33D1C1CD24B00FD7845 /* Transaction.swift */ = {isa = PBXFileReference; fileEncoding = 4; lastKnownFileType = sourcecode.swift; path = Transaction.swift; sourceTree = "<group>"; };
		5A4DF3401C1CEFE200FD7845 /* TransactionsViewController.swift */ = {isa = PBXFileReference; fileEncoding = 4; lastKnownFileType = sourcecode.swift; path = TransactionsViewController.swift; sourceTree = "<group>"; };
		5A4DF3421C1CF11A00FD7845 /* TransactionCell.swift */ = {isa = PBXFileReference; fileEncoding = 4; lastKnownFileType = sourcecode.swift; path = TransactionCell.swift; sourceTree = "<group>"; };
		5A4DF3451C1D4D2A00FD7845 /* Pay.storyboard */ = {isa = PBXFileReference; fileEncoding = 4; lastKnownFileType = file.storyboard; path = Pay.storyboard; sourceTree = "<group>"; };
		5A4DF34A1C1D4FA600FD7845 /* PayChoiceScreenViewController.swift */ = {isa = PBXFileReference; fileEncoding = 4; lastKnownFileType = sourcecode.swift; path = PayChoiceScreenViewController.swift; sourceTree = "<group>"; };
		5A4DF34C1C1D514300FD7845 /* PayUserViewController.swift */ = {isa = PBXFileReference; fileEncoding = 4; lastKnownFileType = sourcecode.swift; path = PayUserViewController.swift; sourceTree = "<group>"; };
		5AD58E821C1CC91A00AFBED2 /* CurrentUser.swift */ = {isa = PBXFileReference; fileEncoding = 4; lastKnownFileType = sourcecode.swift; path = CurrentUser.swift; sourceTree = "<group>"; };
		72D0F9BA4D3DE977C7E6D511 /* Pods.debug.xcconfig */ = {isa = PBXFileReference; includeInIndex = 1; lastKnownFileType = text.xcconfig; name = Pods.debug.xcconfig; path = "Pods/Target Support Files/Pods/Pods.debug.xcconfig"; sourceTree = "<group>"; };
		BD31ED1BA2B7E212776ABE4E /* libPods.a */ = {isa = PBXFileReference; explicitFileType = archive.ar; includeInIndex = 0; path = libPods.a; sourceTree = BUILT_PRODUCTS_DIR; };
		C139F8271C1BF61000D4E015 /* Style.swift */ = {isa = PBXFileReference; fileEncoding = 4; lastKnownFileType = sourcecode.swift; path = Style.swift; sourceTree = "<group>"; };
		C139F8291C1C9E6300D4E015 /* AddGroupViewController.swift */ = {isa = PBXFileReference; fileEncoding = 4; lastKnownFileType = sourcecode.swift; path = AddGroupViewController.swift; sourceTree = "<group>"; };
		C15A20EB1C0A632400E818DA /* MyGroupsViewController.swift */ = {isa = PBXFileReference; fileEncoding = 4; lastKnownFileType = sourcecode.swift; path = MyGroupsViewController.swift; sourceTree = "<group>"; };
		C15A20ED1C0A633900E818DA /* Group.swift */ = {isa = PBXFileReference; fileEncoding = 4; lastKnownFileType = sourcecode.swift; path = Group.swift; sourceTree = "<group>"; };
		C15A20F01C0A635200E818DA /* GroupCell.swift */ = {isa = PBXFileReference; fileEncoding = 4; lastKnownFileType = sourcecode.swift; path = GroupCell.swift; sourceTree = "<group>"; };
		C165E3031C02BC0800A3FF73 /* Payback-Bridging-Header.h */ = {isa = PBXFileReference; lastKnownFileType = sourcecode.c.h; path = "Payback-Bridging-Header.h"; sourceTree = "<group>"; };
		C165E3081C02CA1C00A3FF73 /* SecretKeys.swift */ = {isa = PBXFileReference; fileEncoding = 4; lastKnownFileType = sourcecode.swift; path = SecretKeys.swift; sourceTree = "<group>"; };
		C16A136B1C1CB7A20059F78B /* AddIconViewController.swift */ = {isa = PBXFileReference; fileEncoding = 4; lastKnownFileType = sourcecode.swift; path = AddIconViewController.swift; sourceTree = "<group>"; };
		C16A136D1C1CBB1C0059F78B /* IconCollectionViewCell.swift */ = {isa = PBXFileReference; fileEncoding = 4; lastKnownFileType = sourcecode.swift; path = IconCollectionViewCell.swift; sourceTree = "<group>"; };
		C16A136F1C1CC3060059F78B /* GroupUserInfo.swift */ = {isa = PBXFileReference; fileEncoding = 4; lastKnownFileType = sourcecode.swift; path = GroupUserInfo.swift; sourceTree = "<group>"; };
		C16A13711C1CC3E40059F78B /* GroupDetailViewController.swift */ = {isa = PBXFileReference; fileEncoding = 4; lastKnownFileType = sourcecode.swift; path = GroupDetailViewController.swift; sourceTree = "<group>"; };
		C16A13731C1CC6BA0059F78B /* AddGroupUsersViewController.swift */ = {isa = PBXFileReference; fileEncoding = 4; lastKnownFileType = sourcecode.swift; path = AddGroupUsersViewController.swift; sourceTree = "<group>"; };
		C189E55A1C06CF95004F4406 /* libsqlite3.0.tbd */ = {isa = PBXFileReference; lastKnownFileType = "sourcecode.text-based-dylib-definition"; name = libsqlite3.0.tbd; path = usr/lib/libsqlite3.0.tbd; sourceTree = SDKROOT; };
		C189E55B1C06CF95004F4406 /* libsqlite3.tbd */ = {isa = PBXFileReference; lastKnownFileType = "sourcecode.text-based-dylib-definition"; name = libsqlite3.tbd; path = usr/lib/libsqlite3.tbd; sourceTree = SDKROOT; };
		C19485371C1CE80000556943 /* UserTableViewCell.swift */ = {isa = PBXFileReference; fileEncoding = 4; lastKnownFileType = sourcecode.swift; path = UserTableViewCell.swift; sourceTree = "<group>"; };
		C1F46FF71BF3D860006797CC /* Payback.app */ = {isa = PBXFileReference; explicitFileType = wrapper.application; includeInIndex = 0; path = Payback.app; sourceTree = BUILT_PRODUCTS_DIR; };
		C1F46FFA1BF3D860006797CC /* AppDelegate.swift */ = {isa = PBXFileReference; lastKnownFileType = sourcecode.swift; path = AppDelegate.swift; sourceTree = "<group>"; };
		C1F46FFC1BF3D860006797CC /* ViewController.swift */ = {isa = PBXFileReference; lastKnownFileType = sourcecode.swift; path = ViewController.swift; sourceTree = "<group>"; };
		C1F46FFF1BF3D860006797CC /* Base */ = {isa = PBXFileReference; lastKnownFileType = file.storyboard; name = Base; path = Base.lproj/Main.storyboard; sourceTree = "<group>"; };
		C1F470021BF3D860006797CC /* Payback.xcdatamodel */ = {isa = PBXFileReference; lastKnownFileType = wrapper.xcdatamodel; path = Payback.xcdatamodel; sourceTree = "<group>"; };
		C1F470041BF3D860006797CC /* Assets.xcassets */ = {isa = PBXFileReference; lastKnownFileType = folder.assetcatalog; path = Assets.xcassets; sourceTree = "<group>"; };
		C1F470071BF3D860006797CC /* Base */ = {isa = PBXFileReference; lastKnownFileType = file.storyboard; name = Base; path = Base.lproj/LaunchScreen.storyboard; sourceTree = "<group>"; };
		C1F470091BF3D860006797CC /* Info.plist */ = {isa = PBXFileReference; lastKnownFileType = text.plist.xml; path = Info.plist; sourceTree = "<group>"; };
		C1F4700E1BF3D860006797CC /* PaybackTests.xctest */ = {isa = PBXFileReference; explicitFileType = wrapper.cfbundle; includeInIndex = 0; path = PaybackTests.xctest; sourceTree = BUILT_PRODUCTS_DIR; };
		C1F470121BF3D860006797CC /* PaybackTests.swift */ = {isa = PBXFileReference; lastKnownFileType = sourcecode.swift; path = PaybackTests.swift; sourceTree = "<group>"; };
		C1F470141BF3D860006797CC /* Info.plist */ = {isa = PBXFileReference; lastKnownFileType = text.plist.xml; path = Info.plist; sourceTree = "<group>"; };
		C1F470191BF3D860006797CC /* PaybackUITests.xctest */ = {isa = PBXFileReference; explicitFileType = wrapper.cfbundle; includeInIndex = 0; path = PaybackUITests.xctest; sourceTree = BUILT_PRODUCTS_DIR; };
		C1F4701D1BF3D860006797CC /* PaybackUITests.swift */ = {isa = PBXFileReference; lastKnownFileType = sourcecode.swift; path = PaybackUITests.swift; sourceTree = "<group>"; };
		C1F4701F1BF3D860006797CC /* Info.plist */ = {isa = PBXFileReference; lastKnownFileType = text.plist.xml; path = Info.plist; sourceTree = "<group>"; };
		C1F4702D1BF444E5006797CC /* Groups.storyboard */ = {isa = PBXFileReference; fileEncoding = 4; lastKnownFileType = file.storyboard; path = Groups.storyboard; sourceTree = "<group>"; };
/* End PBXFileReference section */

/* Begin PBXFrameworksBuildPhase section */
		C1F46FF41BF3D860006797CC /* Frameworks */ = {
			isa = PBXFrameworksBuildPhase;
			buildActionMask = 2147483647;
			files = (
				C189E55C1C06CF95004F4406 /* libsqlite3.0.tbd in Frameworks */,
				C189E55D1C06CF95004F4406 /* libsqlite3.tbd in Frameworks */,
				CF0734729FFA3E8AB272636A /* libPods.a in Frameworks */,
			);
			runOnlyForDeploymentPostprocessing = 0;
		};
		C1F4700B1BF3D860006797CC /* Frameworks */ = {
			isa = PBXFrameworksBuildPhase;
			buildActionMask = 2147483647;
			files = (
			);
			runOnlyForDeploymentPostprocessing = 0;
		};
		C1F470161BF3D860006797CC /* Frameworks */ = {
			isa = PBXFrameworksBuildPhase;
			buildActionMask = 2147483647;
			files = (
			);
			runOnlyForDeploymentPostprocessing = 0;
		};
/* End PBXFrameworksBuildPhase section */

/* Begin PBXGroup section */
		4E45F721DB6E13C4029EBA88 /* Pods */ = {
			isa = PBXGroup;
			children = (
				72D0F9BA4D3DE977C7E6D511 /* Pods.debug.xcconfig */,
				3A34B2414741E20087511AEA /* Pods.release.xcconfig */,
			);
			name = Pods;
			sourceTree = "<group>";
		};
		5A1F4E1A1C0A5379004BCC08 /* Users */ = {
			isa = PBXGroup;
			children = (
				5A1F4E1B1C0A53A7004BCC08 /* User.storyboard */,
			);
			name = Users;
			sourceTree = "<group>";
		};
		5A4DF33F1C1CEF5800FD7845 /* Users */ = {
			isa = PBXGroup;
			children = (
				5A4DF3401C1CEFE200FD7845 /* TransactionsViewController.swift */,
			);
			name = Users;
			sourceTree = "<group>";
		};
		5A4DF3441C1D4D1500FD7845 /* Pay */ = {
			isa = PBXGroup;
			children = (
				5A4DF3451C1D4D2A00FD7845 /* Pay.storyboard */,
			);
			name = Pay;
			sourceTree = "<group>";
		};
		5A4DF3471C1D4F7C00FD7845 /* Pay */ = {
			isa = PBXGroup;
			children = (
				5A4DF34A1C1D4FA600FD7845 /* PayChoiceScreenViewController.swift */,
				5A4DF34C1C1D514300FD7845 /* PayUserViewController.swift */,
			);
			name = Pay;
			sourceTree = "<group>";
		};
		C139F8261C1BF5F500D4E015 /* Utilities */ = {
			isa = PBXGroup;
			children = (
				C139F8271C1BF61000D4E015 /* Style.swift */,
			);
			name = Utilities;
			sourceTree = "<group>";
		};
		C139F82B1C1C9E6B00D4E015 /* Groups */ = {
			isa = PBXGroup;
			children = (
				C15A20EB1C0A632400E818DA /* MyGroupsViewController.swift */,
				C16A13731C1CC6BA0059F78B /* AddGroupUsersViewController.swift */,
				C19485371C1CE80000556943 /* UserTableViewCell.swift */,
				C139F8291C1C9E6300D4E015 /* AddGroupViewController.swift */,
				C16A136B1C1CB7A20059F78B /* AddIconViewController.swift */,
				C16A136D1C1CBB1C0059F78B /* IconCollectionViewCell.swift */,
				C16A13711C1CC3E40059F78B /* GroupDetailViewController.swift */,
			);
			name = Groups;
			sourceTree = "<group>";
		};
		C15A20E91C0A630600E818DA /* Models */ = {
			isa = PBXGroup;
			children = (
				C15A20ED1C0A633900E818DA /* Group.swift */,
				C16A136F1C1CC3060059F78B /* GroupUserInfo.swift */,
				5A3AB6A91C0A70A50030BCF1 /* User.swift */,
				5AD58E821C1CC91A00AFBED2 /* CurrentUser.swift */,
				5A4DF33D1C1CD24B00FD7845 /* Transaction.swift */,
			);
			name = Models;
			sourceTree = "<group>";
		};
		C15A20EA1C0A630F00E818DA /* Controllers */ = {
			isa = PBXGroup;
			children = (
				5A4DF3471C1D4F7C00FD7845 /* Pay */,
				5A4DF33F1C1CEF5800FD7845 /* Users */,
				C139F82B1C1C9E6B00D4E015 /* Groups */,
			);
			name = Controllers;
			sourceTree = "<group>";
		};
		C15A20EF1C0A634900E818DA /* Views */ = {
			isa = PBXGroup;
			children = (
				C15A20F01C0A635200E818DA /* GroupCell.swift */,
				5A4DF3421C1CF11A00FD7845 /* TransactionCell.swift */,
			);
			name = Views;
			sourceTree = "<group>";
		};
		C1F46FEE1BF3D860006797CC = {
			isa = PBXGroup;
			children = (
				C139F8261C1BF5F500D4E015 /* Utilities */,
				C165E3081C02CA1C00A3FF73 /* SecretKeys.swift */,
				C1F46FF91BF3D860006797CC /* Payback */,
				C1F470111BF3D860006797CC /* PaybackTests */,
				C1F4701C1BF3D860006797CC /* PaybackUITests */,
				C1F46FF81BF3D860006797CC /* Products */,
				4E45F721DB6E13C4029EBA88 /* Pods */,
				DB6398EDFA933568D9E76E88 /* Frameworks */,
			);
			sourceTree = "<group>";
		};
		C1F46FF81BF3D860006797CC /* Products */ = {
			isa = PBXGroup;
			children = (
				C1F46FF71BF3D860006797CC /* Payback.app */,
				C1F4700E1BF3D860006797CC /* PaybackTests.xctest */,
				C1F470191BF3D860006797CC /* PaybackUITests.xctest */,
			);
			name = Products;
			sourceTree = "<group>";
		};
		C1F46FF91BF3D860006797CC /* Payback */ = {
			isa = PBXGroup;
			children = (
				C165E3031C02BC0800A3FF73 /* Payback-Bridging-Header.h */,
				5A3AB6AD1C1627A50030BCF1 /* GoogleService-Info.plist */,
				C15A20EF1C0A634900E818DA /* Views */,
				C15A20EA1C0A630F00E818DA /* Controllers */,
				C15A20E91C0A630600E818DA /* Models */,
				C1F4702B1BF4301E006797CC /* Storyboards */,
				C1F46FFA1BF3D860006797CC /* AppDelegate.swift */,
				C1F46FFC1BF3D860006797CC /* ViewController.swift */,
				C1F470041BF3D860006797CC /* Assets.xcassets */,
				C1F470091BF3D860006797CC /* Info.plist */,
				C1F470011BF3D860006797CC /* Payback.xcdatamodeld */,
				5A3AB6AB1C1622B50030BCF1 /* SignInViewController.swift */,
			);
			path = Payback;
			sourceTree = "<group>";
		};
		C1F470111BF3D860006797CC /* PaybackTests */ = {
			isa = PBXGroup;
			children = (
				C1F470121BF3D860006797CC /* PaybackTests.swift */,
				C1F470141BF3D860006797CC /* Info.plist */,
			);
			path = PaybackTests;
			sourceTree = "<group>";
		};
		C1F4701C1BF3D860006797CC /* PaybackUITests */ = {
			isa = PBXGroup;
			children = (
				C1F4701D1BF3D860006797CC /* PaybackUITests.swift */,
				C1F4701F1BF3D860006797CC /* Info.plist */,
			);
			path = PaybackUITests;
			sourceTree = "<group>";
		};
		C1F4702B1BF4301E006797CC /* Storyboards */ = {
			isa = PBXGroup;
			children = (
				5A4DF3441C1D4D1500FD7845 /* Pay */,
				5A1F4E1A1C0A5379004BCC08 /* Users */,
				C1F4702C1BF444CD006797CC /* Groups */,
				C1F46FFE1BF3D860006797CC /* Main.storyboard */,
				C1F470061BF3D860006797CC /* LaunchScreen.storyboard */,
			);
			name = Storyboards;
			sourceTree = "<group>";
		};
		C1F4702C1BF444CD006797CC /* Groups */ = {
			isa = PBXGroup;
			children = (
				C1F4702D1BF444E5006797CC /* Groups.storyboard */,
			);
			name = Groups;
			sourceTree = "<group>";
		};
		DB6398EDFA933568D9E76E88 /* Frameworks */ = {
			isa = PBXGroup;
			children = (
				C189E55A1C06CF95004F4406 /* libsqlite3.0.tbd */,
				C189E55B1C06CF95004F4406 /* libsqlite3.tbd */,
				BD31ED1BA2B7E212776ABE4E /* libPods.a */,
			);
			name = Frameworks;
			sourceTree = "<group>";
		};
/* End PBXGroup section */

/* Begin PBXNativeTarget section */
		C1F46FF61BF3D860006797CC /* Payback */ = {
			isa = PBXNativeTarget;
			buildConfigurationList = C1F470221BF3D860006797CC /* Build configuration list for PBXNativeTarget "Payback" */;
			buildPhases = (
				FEAFA8BF64142D5A0D8CFBAB /* Check Pods Manifest.lock */,
				C1F46FF31BF3D860006797CC /* Sources */,
				C1F46FF41BF3D860006797CC /* Frameworks */,
				C1F46FF51BF3D860006797CC /* Resources */,
				A14FFC97E9074417D447B360 /* Embed Pods Frameworks */,
				47906D9ADF268BE8FF8DC5A9 /* Copy Pods Resources */,
			);
			buildRules = (
			);
			dependencies = (
			);
			name = Payback;
			productName = Payback;
			productReference = C1F46FF71BF3D860006797CC /* Payback.app */;
			productType = "com.apple.product-type.application";
		};
		C1F4700D1BF3D860006797CC /* PaybackTests */ = {
			isa = PBXNativeTarget;
			buildConfigurationList = C1F470251BF3D860006797CC /* Build configuration list for PBXNativeTarget "PaybackTests" */;
			buildPhases = (
				C1F4700A1BF3D860006797CC /* Sources */,
				C1F4700B1BF3D860006797CC /* Frameworks */,
				C1F4700C1BF3D860006797CC /* Resources */,
			);
			buildRules = (
			);
			dependencies = (
				C1F470101BF3D860006797CC /* PBXTargetDependency */,
			);
			name = PaybackTests;
			productName = PaybackTests;
			productReference = C1F4700E1BF3D860006797CC /* PaybackTests.xctest */;
			productType = "com.apple.product-type.bundle.unit-test";
		};
		C1F470181BF3D860006797CC /* PaybackUITests */ = {
			isa = PBXNativeTarget;
			buildConfigurationList = C1F470281BF3D860006797CC /* Build configuration list for PBXNativeTarget "PaybackUITests" */;
			buildPhases = (
				C1F470151BF3D860006797CC /* Sources */,
				C1F470161BF3D860006797CC /* Frameworks */,
				C1F470171BF3D860006797CC /* Resources */,
			);
			buildRules = (
			);
			dependencies = (
				C1F4701B1BF3D860006797CC /* PBXTargetDependency */,
			);
			name = PaybackUITests;
			productName = PaybackUITests;
			productReference = C1F470191BF3D860006797CC /* PaybackUITests.xctest */;
			productType = "com.apple.product-type.bundle.ui-testing";
		};
/* End PBXNativeTarget section */

/* Begin PBXProject section */
		C1F46FEF1BF3D860006797CC /* Project object */ = {
			isa = PBXProject;
			attributes = {
				LastSwiftUpdateCheck = 0710;
				LastUpgradeCheck = 0710;
				ORGANIZATIONNAME = "Stacks of Cache";
				TargetAttributes = {
					C1F46FF61BF3D860006797CC = {
						CreatedOnToolsVersion = 7.1;
						DevelopmentTeam = QPVYSC3PGM;
					};
					C1F4700D1BF3D860006797CC = {
						CreatedOnToolsVersion = 7.1;
						TestTargetID = C1F46FF61BF3D860006797CC;
					};
					C1F470181BF3D860006797CC = {
						CreatedOnToolsVersion = 7.1;
						TestTargetID = C1F46FF61BF3D860006797CC;
					};
				};
			};
			buildConfigurationList = C1F46FF21BF3D860006797CC /* Build configuration list for PBXProject "Payback" */;
			compatibilityVersion = "Xcode 3.2";
			developmentRegion = English;
			hasScannedForEncodings = 0;
			knownRegions = (
				en,
				Base,
			);
			mainGroup = C1F46FEE1BF3D860006797CC;
			productRefGroup = C1F46FF81BF3D860006797CC /* Products */;
			projectDirPath = "";
			projectRoot = "";
			targets = (
				C1F46FF61BF3D860006797CC /* Payback */,
				C1F4700D1BF3D860006797CC /* PaybackTests */,
				C1F470181BF3D860006797CC /* PaybackUITests */,
			);
		};
/* End PBXProject section */

/* Begin PBXResourcesBuildPhase section */
		C1F46FF51BF3D860006797CC /* Resources */ = {
			isa = PBXResourcesBuildPhase;
			buildActionMask = 2147483647;
			files = (
				C1F4702E1BF444E5006797CC /* Groups.storyboard in Resources */,
				5A1F4E1C1C0A53A7004BCC08 /* User.storyboard in Resources */,
				C1F470081BF3D860006797CC /* LaunchScreen.storyboard in Resources */,
				C1F470051BF3D860006797CC /* Assets.xcassets in Resources */,
				C1F470001BF3D860006797CC /* Main.storyboard in Resources */,
				5A4DF3461C1D4D2B00FD7845 /* Pay.storyboard in Resources */,
				5A3AB6AE1C1627A50030BCF1 /* GoogleService-Info.plist in Resources */,
			);
			runOnlyForDeploymentPostprocessing = 0;
		};
		C1F4700C1BF3D860006797CC /* Resources */ = {
			isa = PBXResourcesBuildPhase;
			buildActionMask = 2147483647;
			files = (
				5A3AB6AF1C16288C0030BCF1 /* GoogleService-Info.plist in Resources */,
			);
			runOnlyForDeploymentPostprocessing = 0;
		};
		C1F470171BF3D860006797CC /* Resources */ = {
			isa = PBXResourcesBuildPhase;
			buildActionMask = 2147483647;
			files = (
				5A3AB6B01C16288D0030BCF1 /* GoogleService-Info.plist in Resources */,
			);
			runOnlyForDeploymentPostprocessing = 0;
		};
/* End PBXResourcesBuildPhase section */

/* Begin PBXShellScriptBuildPhase section */
		47906D9ADF268BE8FF8DC5A9 /* Copy Pods Resources */ = {
			isa = PBXShellScriptBuildPhase;
			buildActionMask = 2147483647;
			files = (
			);
			inputPaths = (
			);
			name = "Copy Pods Resources";
			outputPaths = (
			);
			runOnlyForDeploymentPostprocessing = 0;
			shellPath = /bin/sh;
			shellScript = "\"${SRCROOT}/Pods/Target Support Files/Pods/Pods-resources.sh\"\n";
			showEnvVarsInLog = 0;
		};
		A14FFC97E9074417D447B360 /* Embed Pods Frameworks */ = {
			isa = PBXShellScriptBuildPhase;
			buildActionMask = 2147483647;
			files = (
			);
			inputPaths = (
			);
			name = "Embed Pods Frameworks";
			outputPaths = (
			);
			runOnlyForDeploymentPostprocessing = 0;
			shellPath = /bin/sh;
			shellScript = "\"${SRCROOT}/Pods/Target Support Files/Pods/Pods-frameworks.sh\"\n";
			showEnvVarsInLog = 0;
		};
		FEAFA8BF64142D5A0D8CFBAB /* Check Pods Manifest.lock */ = {
			isa = PBXShellScriptBuildPhase;
			buildActionMask = 2147483647;
			files = (
			);
			inputPaths = (
			);
			name = "Check Pods Manifest.lock";
			outputPaths = (
			);
			runOnlyForDeploymentPostprocessing = 0;
			shellPath = /bin/sh;
			shellScript = "diff \"${PODS_ROOT}/../Podfile.lock\" \"${PODS_ROOT}/Manifest.lock\" > /dev/null\nif [[ $? != 0 ]] ; then\n    cat << EOM\nerror: The sandbox is not in sync with the Podfile.lock. Run 'pod install' or update your CocoaPods installation.\nEOM\n    exit 1\nfi\n";
			showEnvVarsInLog = 0;
		};
/* End PBXShellScriptBuildPhase section */

/* Begin PBXSourcesBuildPhase section */
		C1F46FF31BF3D860006797CC /* Sources */ = {
			isa = PBXSourcesBuildPhase;
			buildActionMask = 2147483647;
			files = (
				C139F82A1C1C9E6300D4E015 /* AddGroupViewController.swift in Sources */,
				5AD58E831C1CC91A00AFBED2 /* CurrentUser.swift in Sources */,
				5A4DF34B1C1D4FA600FD7845 /* PayChoiceScreenViewController.swift in Sources */,
				5A4DF3431C1CF11A00FD7845 /* TransactionCell.swift in Sources */,
				C15A20F11C0A635200E818DA /* GroupCell.swift in Sources */,
				C1F470031BF3D860006797CC /* Payback.xcdatamodeld in Sources */,
				C16A136C1C1CB7A20059F78B /* AddIconViewController.swift in Sources */,
				C16A13701C1CC3060059F78B /* GroupUserInfo.swift in Sources */,
				C16A136E1C1CBB1C0059F78B /* IconCollectionViewCell.swift in Sources */,
				5A4DF3411C1CEFE200FD7845 /* TransactionsViewController.swift in Sources */,
				C165E3091C02CA1C00A3FF73 /* SecretKeys.swift in Sources */,
				C1F46FFD1BF3D860006797CC /* ViewController.swift in Sources */,
				5A3AB6AA1C0A70A50030BCF1 /* User.swift in Sources */,
				C19485381C1CE80000556943 /* UserTableViewCell.swift in Sources */,
				5A4DF34D1C1D514300FD7845 /* PayUserViewController.swift in Sources */,
				C16A13741C1CC6BA0059F78B /* AddGroupUsersViewController.swift in Sources */,
				C16A13721C1CC3E40059F78B /* GroupDetailViewController.swift in Sources */,
				5A3AB6AC1C1622B50030BCF1 /* SignInViewController.swift in Sources */,
				C15A20EE1C0A633900E818DA /* Group.swift in Sources */,
				C1F46FFB1BF3D860006797CC /* AppDelegate.swift in Sources */,
				C15A20EC1C0A632400E818DA /* MyGroupsViewController.swift in Sources */,
				C139F8281C1BF61000D4E015 /* Style.swift in Sources */,
				5A4DF33E1C1CD24B00FD7845 /* Transaction.swift in Sources */,
			);
			runOnlyForDeploymentPostprocessing = 0;
		};
		C1F4700A1BF3D860006797CC /* Sources */ = {
			isa = PBXSourcesBuildPhase;
			buildActionMask = 2147483647;
			files = (
				C1F470131BF3D860006797CC /* PaybackTests.swift in Sources */,
			);
			runOnlyForDeploymentPostprocessing = 0;
		};
		C1F470151BF3D860006797CC /* Sources */ = {
			isa = PBXSourcesBuildPhase;
			buildActionMask = 2147483647;
			files = (
				C1F4701E1BF3D860006797CC /* PaybackUITests.swift in Sources */,
			);
			runOnlyForDeploymentPostprocessing = 0;
		};
/* End PBXSourcesBuildPhase section */

/* Begin PBXTargetDependency section */
		C1F470101BF3D860006797CC /* PBXTargetDependency */ = {
			isa = PBXTargetDependency;
			target = C1F46FF61BF3D860006797CC /* Payback */;
			targetProxy = C1F4700F1BF3D860006797CC /* PBXContainerItemProxy */;
		};
		C1F4701B1BF3D860006797CC /* PBXTargetDependency */ = {
			isa = PBXTargetDependency;
			target = C1F46FF61BF3D860006797CC /* Payback */;
			targetProxy = C1F4701A1BF3D860006797CC /* PBXContainerItemProxy */;
		};
/* End PBXTargetDependency section */

/* Begin PBXVariantGroup section */
		C1F46FFE1BF3D860006797CC /* Main.storyboard */ = {
			isa = PBXVariantGroup;
			children = (
				C1F46FFF1BF3D860006797CC /* Base */,
			);
			name = Main.storyboard;
			sourceTree = "<group>";
		};
		C1F470061BF3D860006797CC /* LaunchScreen.storyboard */ = {
			isa = PBXVariantGroup;
			children = (
				C1F470071BF3D860006797CC /* Base */,
			);
			name = LaunchScreen.storyboard;
			sourceTree = "<group>";
		};
/* End PBXVariantGroup section */

/* Begin XCBuildConfiguration section */
		C1F470201BF3D860006797CC /* Debug */ = {
			isa = XCBuildConfiguration;
			buildSettings = {
				ALWAYS_SEARCH_USER_PATHS = NO;
				CLANG_CXX_LANGUAGE_STANDARD = "gnu++0x";
				CLANG_CXX_LIBRARY = "libc++";
				CLANG_ENABLE_MODULES = YES;
				CLANG_ENABLE_OBJC_ARC = YES;
				CLANG_WARN_BOOL_CONVERSION = YES;
				CLANG_WARN_CONSTANT_CONVERSION = YES;
				CLANG_WARN_DIRECT_OBJC_ISA_USAGE = YES_ERROR;
				CLANG_WARN_EMPTY_BODY = YES;
				CLANG_WARN_ENUM_CONVERSION = YES;
				CLANG_WARN_INT_CONVERSION = YES;
				CLANG_WARN_OBJC_ROOT_CLASS = YES_ERROR;
				CLANG_WARN_UNREACHABLE_CODE = YES;
				CLANG_WARN__DUPLICATE_METHOD_MATCH = YES;
				"CODE_SIGN_IDENTITY[sdk=iphoneos*]" = "iPhone Developer";
				COPY_PHASE_STRIP = NO;
				DEBUG_INFORMATION_FORMAT = dwarf;
				ENABLE_STRICT_OBJC_MSGSEND = YES;
				ENABLE_TESTABILITY = YES;
				GCC_C_LANGUAGE_STANDARD = gnu99;
				GCC_DYNAMIC_NO_PIC = NO;
				GCC_NO_COMMON_BLOCKS = YES;
				GCC_OPTIMIZATION_LEVEL = 0;
				GCC_PREPROCESSOR_DEFINITIONS = (
					"DEBUG=1",
					"$(inherited)",
				);
				GCC_WARN_64_TO_32_BIT_CONVERSION = YES;
				GCC_WARN_ABOUT_RETURN_TYPE = YES_ERROR;
				GCC_WARN_UNDECLARED_SELECTOR = YES;
				GCC_WARN_UNINITIALIZED_AUTOS = YES_AGGRESSIVE;
				GCC_WARN_UNUSED_FUNCTION = YES;
				GCC_WARN_UNUSED_VARIABLE = YES;
				IPHONEOS_DEPLOYMENT_TARGET = 9.1;
				MTL_ENABLE_DEBUG_INFO = YES;
				ONLY_ACTIVE_ARCH = YES;
				SDKROOT = iphoneos;
				SWIFT_OPTIMIZATION_LEVEL = "-Onone";
			};
			name = Debug;
		};
		C1F470211BF3D860006797CC /* Release */ = {
			isa = XCBuildConfiguration;
			buildSettings = {
				ALWAYS_SEARCH_USER_PATHS = NO;
				CLANG_CXX_LANGUAGE_STANDARD = "gnu++0x";
				CLANG_CXX_LIBRARY = "libc++";
				CLANG_ENABLE_MODULES = YES;
				CLANG_ENABLE_OBJC_ARC = YES;
				CLANG_WARN_BOOL_CONVERSION = YES;
				CLANG_WARN_CONSTANT_CONVERSION = YES;
				CLANG_WARN_DIRECT_OBJC_ISA_USAGE = YES_ERROR;
				CLANG_WARN_EMPTY_BODY = YES;
				CLANG_WARN_ENUM_CONVERSION = YES;
				CLANG_WARN_INT_CONVERSION = YES;
				CLANG_WARN_OBJC_ROOT_CLASS = YES_ERROR;
				CLANG_WARN_UNREACHABLE_CODE = YES;
				CLANG_WARN__DUPLICATE_METHOD_MATCH = YES;
				"CODE_SIGN_IDENTITY[sdk=iphoneos*]" = "iPhone Developer";
				COPY_PHASE_STRIP = NO;
				DEBUG_INFORMATION_FORMAT = "dwarf-with-dsym";
				ENABLE_NS_ASSERTIONS = NO;
				ENABLE_STRICT_OBJC_MSGSEND = YES;
				GCC_C_LANGUAGE_STANDARD = gnu99;
				GCC_NO_COMMON_BLOCKS = YES;
				GCC_WARN_64_TO_32_BIT_CONVERSION = YES;
				GCC_WARN_ABOUT_RETURN_TYPE = YES_ERROR;
				GCC_WARN_UNDECLARED_SELECTOR = YES;
				GCC_WARN_UNINITIALIZED_AUTOS = YES_AGGRESSIVE;
				GCC_WARN_UNUSED_FUNCTION = YES;
				GCC_WARN_UNUSED_VARIABLE = YES;
				IPHONEOS_DEPLOYMENT_TARGET = 9.1;
				MTL_ENABLE_DEBUG_INFO = NO;
				SDKROOT = iphoneos;
				VALIDATE_PRODUCT = YES;
			};
			name = Release;
		};
		C1F470231BF3D860006797CC /* Debug */ = {
			isa = XCBuildConfiguration;
			baseConfigurationReference = 72D0F9BA4D3DE977C7E6D511 /* Pods.debug.xcconfig */;
			buildSettings = {
				ASSETCATALOG_COMPILER_APPICON_NAME = AppIcon;
				CLANG_ENABLE_MODULES = YES;
				CODE_SIGN_IDENTITY = "iPhone Developer";
				"CODE_SIGN_IDENTITY[sdk=iphoneos*]" = "iPhone Developer";
				ENABLE_BITCODE = NO;
				HEADER_SEARCH_PATHS = (
					"$(inherited)",
					"${PODS_ROOT}/Google/Headers",
					"$(inherited)",
					"\"${PODS_ROOT}/Headers/Public\"",
					"\"${PODS_ROOT}/Headers/Public/Google\"",
					"\"${PODS_ROOT}/Headers/Public/GoogleAppUtilities\"",
					"\"${PODS_ROOT}/Headers/Public/GoogleAuthUtilities\"",
					"\"${PODS_ROOT}/Headers/Public/GoogleInterchangeUtilities\"",
					"\"${PODS_ROOT}/Headers/Public/GoogleNetworkingUtilities\"",
					"\"${PODS_ROOT}/Headers/Public/GoogleSignIn\"",
					"\"${PODS_ROOT}/Headers/Public/GoogleSymbolUtilities\"",
					"\"${PODS_ROOT}/Headers/Public/GoogleUtilities\"",
					"\"${PODS_ROOT}/Headers/Public/IBMBluemix\"",
					"\"${PODS_ROOT}/Headers/Public/IBMData\"",
					"\"${PODS_ROOT}/Headers/Public/IBMFileSync\"",
				);
				INFOPLIST_FILE = Payback/Info.plist;
				IPHONEOS_DEPLOYMENT_TARGET = 9.1;
				LD_RUNPATH_SEARCH_PATHS = "$(inherited) @executable_path/Frameworks";
				PRODUCT_BUNDLE_IDENTIFIER = com.stacksofcache.Payback;
				PRODUCT_NAME = "$(TARGET_NAME)";
				PROVISIONING_PROFILE = "";
				SWIFT_OBJC_BRIDGING_HEADER = "Payback/Payback-Bridging-Header.h";
				SWIFT_OPTIMIZATION_LEVEL = "-Onone";
				USER_HEADER_SEARCH_PATHS = "";
			};
			name = Debug;
		};
		C1F470241BF3D860006797CC /* Release */ = {
			isa = XCBuildConfiguration;
			baseConfigurationReference = 3A34B2414741E20087511AEA /* Pods.release.xcconfig */;
			buildSettings = {
				ASSETCATALOG_COMPILER_APPICON_NAME = AppIcon;
				CLANG_ENABLE_MODULES = YES;
				CODE_SIGN_IDENTITY = "iPhone Developer";
				"CODE_SIGN_IDENTITY[sdk=iphoneos*]" = "iPhone Developer";
				ENABLE_BITCODE = NO;
				HEADER_SEARCH_PATHS = (
					"$(inherited)",
					"${PODS_ROOT}/Google/Headers",
					"$(inherited)",
					"\"${PODS_ROOT}/Headers/Public\"",
					"\"${PODS_ROOT}/Headers/Public/Google\"",
					"\"${PODS_ROOT}/Headers/Public/GoogleAppUtilities\"",
					"\"${PODS_ROOT}/Headers/Public/GoogleAuthUtilities\"",
					"\"${PODS_ROOT}/Headers/Public/GoogleInterchangeUtilities\"",
					"\"${PODS_ROOT}/Headers/Public/GoogleNetworkingUtilities\"",
					"\"${PODS_ROOT}/Headers/Public/GoogleSignIn\"",
					"\"${PODS_ROOT}/Headers/Public/GoogleSymbolUtilities\"",
					"\"${PODS_ROOT}/Headers/Public/GoogleUtilities\"",
					"\"${PODS_ROOT}/Headers/Public/IBMBluemix\"",
					"\"${PODS_ROOT}/Headers/Public/IBMData\"",
					"\"${PODS_ROOT}/Headers/Public/IBMFileSync\"",
				);
				INFOPLIST_FILE = Payback/Info.plist;
				IPHONEOS_DEPLOYMENT_TARGET = 9.1;
				LD_RUNPATH_SEARCH_PATHS = "$(inherited) @executable_path/Frameworks";
				PRODUCT_BUNDLE_IDENTIFIER = com.stacksofcache.Payback;
				PRODUCT_NAME = "$(TARGET_NAME)";
				PROVISIONING_PROFILE = "";
				SWIFT_OBJC_BRIDGING_HEADER = "Payback/Payback-Bridging-Header.h";
				USER_HEADER_SEARCH_PATHS = "";
			};
			name = Release;
		};
		C1F470261BF3D860006797CC /* Debug */ = {
			isa = XCBuildConfiguration;
			baseConfigurationReference = 72D0F9BA4D3DE977C7E6D511 /* Pods.debug.xcconfig */;
			buildSettings = {
				BUNDLE_LOADER = "$(TEST_HOST)";
				INFOPLIST_FILE = PaybackTests/Info.plist;
				LD_RUNPATH_SEARCH_PATHS = "$(inherited) @executable_path/Frameworks @loader_path/Frameworks";
				PRODUCT_BUNDLE_IDENTIFIER = com.stacksofcache.PaybackTests;
				PRODUCT_NAME = "$(TARGET_NAME)";
				TEST_HOST = "$(BUILT_PRODUCTS_DIR)/Payback.app/Payback";
			};
			name = Debug;
		};
		C1F470271BF3D860006797CC /* Release */ = {
			isa = XCBuildConfiguration;
			baseConfigurationReference = 3A34B2414741E20087511AEA /* Pods.release.xcconfig */;
			buildSettings = {
				BUNDLE_LOADER = "$(TEST_HOST)";
				INFOPLIST_FILE = PaybackTests/Info.plist;
				LD_RUNPATH_SEARCH_PATHS = "$(inherited) @executable_path/Frameworks @loader_path/Frameworks";
				PRODUCT_BUNDLE_IDENTIFIER = com.stacksofcache.PaybackTests;
				PRODUCT_NAME = "$(TARGET_NAME)";
				TEST_HOST = "$(BUILT_PRODUCTS_DIR)/Payback.app/Payback";
			};
			name = Release;
		};
		C1F470291BF3D860006797CC /* Debug */ = {
			isa = XCBuildConfiguration;
			baseConfigurationReference = 72D0F9BA4D3DE977C7E6D511 /* Pods.debug.xcconfig */;
			buildSettings = {
				INFOPLIST_FILE = PaybackUITests/Info.plist;
				LD_RUNPATH_SEARCH_PATHS = "$(inherited) @executable_path/Frameworks @loader_path/Frameworks";
				PRODUCT_BUNDLE_IDENTIFIER = com.stacksofcache.PaybackUITests;
				PRODUCT_NAME = "$(TARGET_NAME)";
				TEST_TARGET_NAME = Payback;
				USES_XCTRUNNER = YES;
			};
			name = Debug;
		};
		C1F4702A1BF3D860006797CC /* Release */ = {
			isa = XCBuildConfiguration;
			baseConfigurationReference = 3A34B2414741E20087511AEA /* Pods.release.xcconfig */;
			buildSettings = {
				INFOPLIST_FILE = PaybackUITests/Info.plist;
				LD_RUNPATH_SEARCH_PATHS = "$(inherited) @executable_path/Frameworks @loader_path/Frameworks";
				PRODUCT_BUNDLE_IDENTIFIER = com.stacksofcache.PaybackUITests;
				PRODUCT_NAME = "$(TARGET_NAME)";
				TEST_TARGET_NAME = Payback;
				USES_XCTRUNNER = YES;
			};
			name = Release;
		};
/* End XCBuildConfiguration section */

/* Begin XCConfigurationList section */
		C1F46FF21BF3D860006797CC /* Build configuration list for PBXProject "Payback" */ = {
			isa = XCConfigurationList;
			buildConfigurations = (
				C1F470201BF3D860006797CC /* Debug */,
				C1F470211BF3D860006797CC /* Release */,
			);
			defaultConfigurationIsVisible = 0;
			defaultConfigurationName = Release;
		};
		C1F470221BF3D860006797CC /* Build configuration list for PBXNativeTarget "Payback" */ = {
			isa = XCConfigurationList;
			buildConfigurations = (
				C1F470231BF3D860006797CC /* Debug */,
				C1F470241BF3D860006797CC /* Release */,
			);
			defaultConfigurationIsVisible = 0;
			defaultConfigurationName = Release;
		};
		C1F470251BF3D860006797CC /* Build configuration list for PBXNativeTarget "PaybackTests" */ = {
			isa = XCConfigurationList;
			buildConfigurations = (
				C1F470261BF3D860006797CC /* Debug */,
				C1F470271BF3D860006797CC /* Release */,
			);
			defaultConfigurationIsVisible = 0;
			defaultConfigurationName = Release;
		};
		C1F470281BF3D860006797CC /* Build configuration list for PBXNativeTarget "PaybackUITests" */ = {
			isa = XCConfigurationList;
			buildConfigurations = (
				C1F470291BF3D860006797CC /* Debug */,
				C1F4702A1BF3D860006797CC /* Release */,
			);
			defaultConfigurationIsVisible = 0;
			defaultConfigurationName = Release;
		};
/* End XCConfigurationList section */

/* Begin XCVersionGroup section */
		C1F470011BF3D860006797CC /* Payback.xcdatamodeld */ = {
			isa = XCVersionGroup;
			children = (
				C1F470021BF3D860006797CC /* Payback.xcdatamodel */,
			);
			currentVersion = C1F470021BF3D860006797CC /* Payback.xcdatamodel */;
			path = Payback.xcdatamodeld;
			sourceTree = "<group>";
			versionGroupType = wrapper.xcdatamodel;
		};
/* End XCVersionGroup section */
	};
	rootObject = C1F46FEF1BF3D860006797CC /* Project object */;
}
